
Microsoft Visual Studio Solution File, Format Version 12.00
# Visual Studio 15
VisualStudioVersion = 15.0.28307.168
MinimumVisualStudioVersion = 10.0.40219.1
Project("{FAE04EC0-301F-11D3-BF4B-00C04F79EFBC}") = "c0730478_week2", "c0730478_week2\c0730478_week2.csproj", "{539766E9-F78D-473B-AC8A-F143A8EC2AFE}"
EndProject
Global
	GlobalSection(SolutionConfigurationPlatforms) = preSolution
		Debug|Any CPU = Debug|Any CPU
		Release|Any CPU = Release|Any CPU
	EndGlobalSection
	GlobalSection(ProjectConfigurationPlatforms) = postSolution
		{539766E9-F78D-473B-AC8A-F143A8EC2AFE}.Debug|Any CPU.ActiveCfg = Debug|Any CPU
		{539766E9-F78D-473B-AC8A-F143A8EC2AFE}.Debug|Any CPU.Build.0 = Debug|Any CPU
		{539766E9-F78D-473B-AC8A-F143A8EC2AFE}.Release|Any CPU.ActiveCfg = Release|Any CPU
		{539766E9-F78D-473B-AC8A-F143A8EC2AFE}.Release|Any CPU.Build.0 = Release|Any CPU
	EndGlobalSection
	GlobalSection(SolutionProperties) = preSolution
		HideSolutionNode = FALSE
	EndGlobalSection
	GlobalSection(ExtensibilityGlobals) = postSolution
		SolutionGuid = {7E0F1267-CF66-45D8-94AB-C7BF109B39E1}
	EndGlobalSection
EndGlobal
